
Microsoft Visual Studio Solution File, Format Version 12.00
# Visual Studio Version 17
VisualStudioVersion = 17.14.36301.6 d17.14
MinimumVisualStudioVersion = 10.0.40219.1
Project("{FAE04EC0-301F-11D3-BF4B-00C04F79EFBC}") = "RedisInfrastructure", "RedisInfrastructure.csproj", "{69426C1C-184B-A949-2F7E-E2B0ED9735F1}"
EndProject
Global
	GlobalSection(SolutionConfigurationPlatforms) = preSolution
		Debug|Any CPU = Debug|Any CPU
		Release|Any CPU = Release|Any CPU
	EndGlobalSection
	GlobalSection(ProjectConfigurationPlatforms) = postSolution
		{69426C1C-184B-A949-2F7E-E2B0ED9735F1}.Debug|Any CPU.ActiveCfg = Debug|Any CPU
		{69426C1C-184B-A949-2F7E-E2B0ED9735F1}.Debug|Any CPU.Build.0 = Debug|Any CPU
		{69426C1C-184B-A949-2F7E-E2B0ED9735F1}.Release|Any CPU.ActiveCfg = Release|Any CPU
		{69426C1C-184B-A949-2F7E-E2B0ED9735F1}.Release|Any CPU.Build.0 = Release|Any CPU
	EndGlobalSection
	GlobalSection(SolutionProperties) = preSolution
		HideSolutionNode = FALSE
	EndGlobalSection
	GlobalSection(ExtensibilityGlobals) = postSolution
		SolutionGuid = {D4F0D3A2-8A56-4C25-946B-41E4476283DD}
	EndGlobalSection
EndGlobal
